
Microsoft Visual Studio Solution File, Format Version 12.00
# Visual Studio Version 17
VisualStudioVersion = 17.0.31716.349
MinimumVisualStudioVersion = 10.0.40219.1
Project("{FAE04EC0-301F-11D3-BF4B-00C04F79EFBC}") = "BlazorSignalRApp.Server", "BlazorSignalRApp\Server\BlazorSignalRApp.Server.csproj", "{D08E6B66-BB7F-4AB5-A7E3-149F9F88AFC5}"
EndProject
Project("{FAE04EC0-301F-11D3-BF4B-00C04F79EFBC}") = "BlazorSignalRApp.Client", "BlazorSignalRApp\Client\BlazorSignalRApp.Client.csproj", "{23F12F2E-45CE-461B-B700-6A8E7EAD7E09}"
EndProject
Project("{FAE04EC0-301F-11D3-BF4B-00C04F79EFBC}") = "BlazorSignalRApp.Shared", "BlazorSignalRApp\Shared\BlazorSignalRApp.Shared.csproj", "{4A3CF720-5FB6-4811-B1C8-43EC90889EDF}"
EndProject
Global
	GlobalSection(SolutionConfigurationPlatforms) = preSolution
		Debug|Any CPU = Debug|Any CPU
		Release|Any CPU = Release|Any CPU
	EndGlobalSection
	GlobalSection(ProjectConfigurationPlatforms) = postSolution
		{D08E6B66-BB7F-4AB5-A7E3-149F9F88AFC5}.Debug|Any CPU.ActiveCfg = Debug|Any CPU
		{D08E6B66-BB7F-4AB5-A7E3-149F9F88AFC5}.Debug|Any CPU.Build.0 = Debug|Any CPU
		{D08E6B66-BB7F-4AB5-A7E3-149F9F88AFC5}.Release|Any CPU.ActiveCfg = Release|Any CPU
		{D08E6B66-BB7F-4AB5-A7E3-149F9F88AFC5}.Release|Any CPU.Build.0 = Release|Any CPU
		{23F12F2E-45CE-461B-B700-6A8E7EAD7E09}.Debug|Any CPU.ActiveCfg = Debug|Any CPU
		{23F12F2E-45CE-461B-B700-6A8E7EAD7E09}.Debug|Any CPU.Build.0 = Debug|Any CPU
		{23F12F2E-45CE-461B-B700-6A8E7EAD7E09}.Release|Any CPU.ActiveCfg = Release|Any CPU
		{23F12F2E-45CE-461B-B700-6A8E7EAD7E09}.Release|Any CPU.Build.0 = Release|Any CPU
		{4A3CF720-5FB6-4811-B1C8-43EC90889EDF}.Debug|Any CPU.ActiveCfg = Debug|Any CPU
		{4A3CF720-5FB6-4811-B1C8-43EC90889EDF}.Debug|Any CPU.Build.0 = Debug|Any CPU
		{4A3CF720-5FB6-4811-B1C8-43EC90889EDF}.Release|Any CPU.ActiveCfg = Release|Any CPU
		{4A3CF720-5FB6-4811-B1C8-43EC90889EDF}.Release|Any CPU.Build.0 = Release|Any CPU
	EndGlobalSection
	GlobalSection(SolutionProperties) = preSolution
		HideSolutionNode = FALSE
	EndGlobalSection
	GlobalSection(ExtensibilityGlobals) = postSolution
		SolutionGuid = {D7BC617F-61E9-4D98-9FE3-F8E8F8B38A62}
	EndGlobalSection
EndGlobal
